
Microsoft Visual Studio Solution File, Format Version 12.00
# Visual Studio 2013
VisualStudioVersion = 12.0.31101.0
MinimumVisualStudioVersion = 10.0.40219.1
Project("{FAE04EC0-301F-11D3-BF4B-00C04F79EFBC}") = "SimpleDataGenerator.Json", "SimpleDataGenerator.Json\SimpleDataGenerator.Json.csproj", "{43071E5B-04DF-40D0-BB6D-8F3B728779F2}"
EndProject
Project("{FAE04EC0-301F-11D3-BF4B-00C04F79EFBC}") = "SimpleDataGenerator.Json.Tests", "SimpleDataGenerator.Json.Tests\SimpleDataGenerator.Json.Tests.csproj", "{9D2F86DF-942B-49B7-9B76-7D1E40456DF5}"
EndProject
Project("{2150E333-8FDC-42A3-9474-1A3956D46DE8}") = ".nuget", ".nuget", "{1B8D9C12-9978-4C4D-AFCD-CF21BCF0DA2F}"
	ProjectSection(SolutionItems) = preProject
		.nuget\NuGet.Config = .nuget\NuGet.Config
		.nuget\NuGet.exe = .nuget\NuGet.exe
		.nuget\NuGet.targets = .nuget\NuGet.targets
		.nuget\packages.config = .nuget\packages.config
	EndProjectSection
EndProject
Global
	GlobalSection(SolutionConfigurationPlatforms) = preSolution
		Debug|Any CPU = Debug|Any CPU
		Release|Any CPU = Release|Any CPU
	EndGlobalSection
	GlobalSection(ProjectConfigurationPlatforms) = postSolution
		{43071E5B-04DF-40D0-BB6D-8F3B728779F2}.Debug|Any CPU.ActiveCfg = Debug|Any CPU
		{43071E5B-04DF-40D0-BB6D-8F3B728779F2}.Debug|Any CPU.Build.0 = Debug|Any CPU
		{43071E5B-04DF-40D0-BB6D-8F3B728779F2}.Release|Any CPU.ActiveCfg = Release|Any CPU
		{43071E5B-04DF-40D0-BB6D-8F3B728779F2}.Release|Any CPU.Build.0 = Release|Any CPU
		{9D2F86DF-942B-49B7-9B76-7D1E40456DF5}.Debug|Any CPU.ActiveCfg = Debug|Any CPU
		{9D2F86DF-942B-49B7-9B76-7D1E40456DF5}.Debug|Any CPU.Build.0 = Debug|Any CPU
		{9D2F86DF-942B-49B7-9B76-7D1E40456DF5}.Release|Any CPU.ActiveCfg = Release|Any CPU
		{9D2F86DF-942B-49B7-9B76-7D1E40456DF5}.Release|Any CPU.Build.0 = Release|Any CPU
	EndGlobalSection
	GlobalSection(SolutionProperties) = preSolution
		HideSolutionNode = FALSE
	EndGlobalSection
EndGlobal
